
Microsoft Visual Studio Solution File, Format Version 12.00
# Visual Studio Version 17
VisualStudioVersion = 17.9.34622.214
MinimumVisualStudioVersion = 10.0.40219.1
Project("{FAE04EC0-301F-11D3-BF4B-00C04F79EFBC}") = "TextFormat", "TextFormat\TextFormat.csproj", "{BBA0A3A8-4823-4181-82AB-3D525BFDEA57}"
EndProject
Global
	GlobalSection(SolutionConfigurationPlatforms) = preSolution
		Debug|Any CPU = Debug|Any CPU
		Release|Any CPU = Release|Any CPU
	EndGlobalSection
	GlobalSection(ProjectConfigurationPlatforms) = postSolution
		{BBA0A3A8-4823-4181-82AB-3D525BFDEA57}.Debug|Any CPU.ActiveCfg = Debug|Any CPU
		{BBA0A3A8-4823-4181-82AB-3D525BFDEA57}.Debug|Any CPU.Build.0 = Debug|Any CPU
		{BBA0A3A8-4823-4181-82AB-3D525BFDEA57}.Release|Any CPU.ActiveCfg = Release|Any CPU
		{BBA0A3A8-4823-4181-82AB-3D525BFDEA57}.Release|Any CPU.Build.0 = Release|Any CPU
	EndGlobalSection
	GlobalSection(SolutionProperties) = preSolution
		HideSolutionNode = FALSE
	EndGlobalSection
	GlobalSection(ExtensibilityGlobals) = postSolution
		SolutionGuid = {CC179012-11C6-4954-BA72-30C5D1EBCF6B}
	EndGlobalSection
EndGlobal
